
Microsoft Visual Studio Solution File, Format Version 12.00
# Visual Studio Version 16
VisualStudioVersion = 16.0.30907.101
MinimumVisualStudioVersion = 10.0.40219.1
Project("{9A19103F-16F7-4668-BE54-9A1E7A4F7556}") = "GarageApplikation", "Garage\GarageApplikation.csproj", "{33DA3A07-916A-4875-B877-E8CED6F88DBD}"
EndProject
Project("{FAE04EC0-301F-11D3-BF4B-00C04F79EFBC}") = "GarageApplikationTests", "GarageApplikationTests\GarageApplikationTests.csproj", "{2EF97D8A-CB26-4E8A-B7C8-54C13A124181}"
EndProject
Global
	GlobalSection(SolutionConfigurationPlatforms) = preSolution
		Debug|Any CPU = Debug|Any CPU
		Release|Any CPU = Release|Any CPU
	EndGlobalSection
	GlobalSection(ProjectConfigurationPlatforms) = postSolution
		{33DA3A07-916A-4875-B877-E8CED6F88DBD}.Debug|Any CPU.ActiveCfg = Debug|Any CPU
		{33DA3A07-916A-4875-B877-E8CED6F88DBD}.Debug|Any CPU.Build.0 = Debug|Any CPU
		{33DA3A07-916A-4875-B877-E8CED6F88DBD}.Release|Any CPU.ActiveCfg = Release|Any CPU
		{33DA3A07-916A-4875-B877-E8CED6F88DBD}.Release|Any CPU.Build.0 = Release|Any CPU
		{2EF97D8A-CB26-4E8A-B7C8-54C13A124181}.Debug|Any CPU.ActiveCfg = Debug|Any CPU
		{2EF97D8A-CB26-4E8A-B7C8-54C13A124181}.Debug|Any CPU.Build.0 = Debug|Any CPU
		{2EF97D8A-CB26-4E8A-B7C8-54C13A124181}.Release|Any CPU.ActiveCfg = Release|Any CPU
		{2EF97D8A-CB26-4E8A-B7C8-54C13A124181}.Release|Any CPU.Build.0 = Release|Any CPU
	EndGlobalSection
	GlobalSection(SolutionProperties) = preSolution
		HideSolutionNode = FALSE
	EndGlobalSection
	GlobalSection(ExtensibilityGlobals) = postSolution
		SolutionGuid = {E4302F15-A4D1-4B74-9B3C-A06F19EFBAB0}
	EndGlobalSection
EndGlobal
